// !$*UTF8*$!
{
	archiveVersion = 1;
	classes = {
	};
	objectVersion = 46;
	objects = {

/* Begin PBXBuildFile section */
		2516715615E61023002F2F95 /* PDApplicationCacheDomain.h in Headers */ = {isa = PBXBuildFile; fileRef = 2516711015E61023002F2F95 /* PDApplicationCacheDomain.h */; settings = {ATTRIBUTES = (Public, ); }; };
		2516715715E61023002F2F95 /* PDApplicationCacheDomain.m in Sources */ = {isa = PBXBuildFile; fileRef = 2516711115E61023002F2F95 /* PDApplicationCacheDomain.m */; };
		2516715815E61023002F2F95 /* PDApplicationCacheTypes.h in Headers */ = {isa = PBXBuildFile; fileRef = 2516711215E61023002F2F95 /* PDApplicationCacheTypes.h */; settings = {ATTRIBUTES = (Public, ); }; };
		2516715915E61023002F2F95 /* PDApplicationCacheTypes.m in Sources */ = {isa = PBXBuildFile; fileRef = 2516711315E61023002F2F95 /* PDApplicationCacheTypes.m */; };
		2516715A15E61023002F2F95 /* PDConsoleDomain.h in Headers */ = {isa = PBXBuildFile; fileRef = 2516711415E61023002F2F95 /* PDConsoleDomain.h */; settings = {ATTRIBUTES = (Public, ); }; };
		2516715B15E61023002F2F95 /* PDConsoleDomain.m in Sources */ = {isa = PBXBuildFile; fileRef = 2516711515E61023002F2F95 /* PDConsoleDomain.m */; };
		2516715C15E61023002F2F95 /* PDConsoleTypes.h in Headers */ = {isa = PBXBuildFile; fileRef = 2516711615E61023002F2F95 /* PDConsoleTypes.h */; settings = {ATTRIBUTES = (Public, ); }; };
		2516715D15E61023002F2F95 /* PDConsoleTypes.m in Sources */ = {isa = PBXBuildFile; fileRef = 2516711715E61023002F2F95 /* PDConsoleTypes.m */; };
		2516715E15E61023002F2F95 /* PDCSSDomain.h in Headers */ = {isa = PBXBuildFile; fileRef = 2516711815E61023002F2F95 /* PDCSSDomain.h */; settings = {ATTRIBUTES = (Public, ); }; };
		2516715F15E61023002F2F95 /* PDCSSDomain.m in Sources */ = {isa = PBXBuildFile; fileRef = 2516711915E61023002F2F95 /* PDCSSDomain.m */; };
		2516716015E61023002F2F95 /* PDCSSTypes.h in Headers */ = {isa = PBXBuildFile; fileRef = 2516711A15E61023002F2F95 /* PDCSSTypes.h */; settings = {ATTRIBUTES = (Public, ); }; };
		2516716115E61023002F2F95 /* PDCSSTypes.m in Sources */ = {isa = PBXBuildFile; fileRef = 2516711B15E61023002F2F95 /* PDCSSTypes.m */; };
		2516716215E61023002F2F95 /* PDDatabaseDomain.h in Headers */ = {isa = PBXBuildFile; fileRef = 2516711C15E61023002F2F95 /* PDDatabaseDomain.h */; settings = {ATTRIBUTES = (Public, ); }; };
		2516716315E61023002F2F95 /* PDDatabaseDomain.m in Sources */ = {isa = PBXBuildFile; fileRef = 2516711D15E61023002F2F95 /* PDDatabaseDomain.m */; };
		2516716415E61023002F2F95 /* PDDatabaseTypes.h in Headers */ = {isa = PBXBuildFile; fileRef = 2516711E15E61023002F2F95 /* PDDatabaseTypes.h */; settings = {ATTRIBUTES = (Public, ); }; };
		2516716515E61023002F2F95 /* PDDatabaseTypes.m in Sources */ = {isa = PBXBuildFile; fileRef = 2516711F15E61023002F2F95 /* PDDatabaseTypes.m */; };
		2516716615E61023002F2F95 /* PDDebuggerDomain.h in Headers */ = {isa = PBXBuildFile; fileRef = 2516712015E61023002F2F95 /* PDDebuggerDomain.h */; settings = {ATTRIBUTES = (Public, ); }; };
		2516716715E61023002F2F95 /* PDDebuggerDomain.m in Sources */ = {isa = PBXBuildFile; fileRef = 2516712115E61023002F2F95 /* PDDebuggerDomain.m */; };
		2516716815E61023002F2F95 /* PDDebuggerTypes.h in Headers */ = {isa = PBXBuildFile; fileRef = 2516712215E61023002F2F95 /* PDDebuggerTypes.h */; settings = {ATTRIBUTES = (Public, ); }; };
		2516716915E61023002F2F95 /* PDDebuggerTypes.m in Sources */ = {isa = PBXBuildFile; fileRef = 2516712315E61023002F2F95 /* PDDebuggerTypes.m */; };
		2516716A15E61023002F2F95 /* PDDOMDebuggerDomain.h in Headers */ = {isa = PBXBuildFile; fileRef = 2516712415E61023002F2F95 /* PDDOMDebuggerDomain.h */; settings = {ATTRIBUTES = (Public, ); }; };
		2516716B15E61023002F2F95 /* PDDOMDebuggerDomain.m in Sources */ = {isa = PBXBuildFile; fileRef = 2516712515E61023002F2F95 /* PDDOMDebuggerDomain.m */; };
		2516716C15E61023002F2F95 /* PDDOMDomain.h in Headers */ = {isa = PBXBuildFile; fileRef = 2516712615E61023002F2F95 /* PDDOMDomain.h */; settings = {ATTRIBUTES = (Public, ); }; };
		2516716D15E61023002F2F95 /* PDDOMDomain.m in Sources */ = {isa = PBXBuildFile; fileRef = 2516712715E61023002F2F95 /* PDDOMDomain.m */; };
		2516716E15E61023002F2F95 /* PDDOMStorageDomain.h in Headers */ = {isa = PBXBuildFile; fileRef = 2516712815E61023002F2F95 /* PDDOMStorageDomain.h */; settings = {ATTRIBUTES = (Public, ); }; };
		2516716F15E61023002F2F95 /* PDDOMStorageDomain.m in Sources */ = {isa = PBXBuildFile; fileRef = 2516712915E61023002F2F95 /* PDDOMStorageDomain.m */; };
		2516717015E61023002F2F95 /* PDDOMStorageTypes.h in Headers */ = {isa = PBXBuildFile; fileRef = 2516712A15E61023002F2F95 /* PDDOMStorageTypes.h */; settings = {ATTRIBUTES = (Public, ); }; };
		2516717115E61023002F2F95 /* PDDOMStorageTypes.m in Sources */ = {isa = PBXBuildFile; fileRef = 2516712B15E61023002F2F95 /* PDDOMStorageTypes.m */; };
		2516717215E61023002F2F95 /* PDDOMTypes.h in Headers */ = {isa = PBXBuildFile; fileRef = 2516712C15E61023002F2F95 /* PDDOMTypes.h */; settings = {ATTRIBUTES = (Public, ); }; };
		2516717315E61023002F2F95 /* PDDOMTypes.m in Sources */ = {isa = PBXBuildFile; fileRef = 2516712D15E61023002F2F95 /* PDDOMTypes.m */; };
		2516717415E61023002F2F95 /* PDFileSystemDomain.h in Headers */ = {isa = PBXBuildFile; fileRef = 2516712E15E61023002F2F95 /* PDFileSystemDomain.h */; settings = {ATTRIBUTES = (Public, ); }; };
		2516717515E61023002F2F95 /* PDFileSystemDomain.m in Sources */ = {isa = PBXBuildFile; fileRef = 2516712F15E61023002F2F95 /* PDFileSystemDomain.m */; };
		2516717615E61023002F2F95 /* PDFileSystemTypes.h in Headers */ = {isa = PBXBuildFile; fileRef = 2516713015E61023002F2F95 /* PDFileSystemTypes.h */; settings = {ATTRIBUTES = (Public, ); }; };
		2516717715E61023002F2F95 /* PDFileSystemTypes.m in Sources */ = {isa = PBXBuildFile; fileRef = 2516713115E61023002F2F95 /* PDFileSystemTypes.m */; };
		2516717815E61023002F2F95 /* PDIndexedDBDomain.h in Headers */ = {isa = PBXBuildFile; fileRef = 2516713215E61023002F2F95 /* PDIndexedDBDomain.h */; settings = {ATTRIBUTES = (Public, ); }; };
		2516717915E61023002F2F95 /* PDIndexedDBDomain.m in Sources */ = {isa = PBXBuildFile; fileRef = 2516713315E61023002F2F95 /* PDIndexedDBDomain.m */; };
		2516717A15E61023002F2F95 /* PDIndexedDBTypes.h in Headers */ = {isa = PBXBuildFile; fileRef = 2516713415E61023002F2F95 /* PDIndexedDBTypes.h */; settings = {ATTRIBUTES = (Public, ); }; };
		2516717B15E61023002F2F95 /* PDIndexedDBTypes.m in Sources */ = {isa = PBXBuildFile; fileRef = 2516713515E61023002F2F95 /* PDIndexedDBTypes.m */; };
		2516717C15E61023002F2F95 /* PDInspectorDomain.h in Headers */ = {isa = PBXBuildFile; fileRef = 2516713615E61023002F2F95 /* PDInspectorDomain.h */; settings = {ATTRIBUTES = (Public, ); }; };
		2516717D15E61023002F2F95 /* PDInspectorDomain.m in Sources */ = {isa = PBXBuildFile; fileRef = 2516713715E61023002F2F95 /* PDInspectorDomain.m */; };
		2516717E15E61023002F2F95 /* PDMemoryDomain.h in Headers */ = {isa = PBXBuildFile; fileRef = 2516713815E61023002F2F95 /* PDMemoryDomain.h */; settings = {ATTRIBUTES = (Public, ); }; };
		2516717F15E61023002F2F95 /* PDMemoryDomain.m in Sources */ = {isa = PBXBuildFile; fileRef = 2516713915E61023002F2F95 /* PDMemoryDomain.m */; };
		2516718015E61023002F2F95 /* PDMemoryTypes.h in Headers */ = {isa = PBXBuildFile; fileRef = 2516713A15E61023002F2F95 /* PDMemoryTypes.h */; settings = {ATTRIBUTES = (Public, ); }; };
		2516718115E61023002F2F95 /* PDMemoryTypes.m in Sources */ = {isa = PBXBuildFile; fileRef = 2516713B15E61023002F2F95 /* PDMemoryTypes.m */; };
		2516718215E61023002F2F95 /* PDNetworkDomain.h in Headers */ = {isa = PBXBuildFile; fileRef = 2516713C15E61023002F2F95 /* PDNetworkDomain.h */; settings = {ATTRIBUTES = (Public, ); }; };
		2516718315E61023002F2F95 /* PDNetworkDomain.m in Sources */ = {isa = PBXBuildFile; fileRef = 2516713D15E61023002F2F95 /* PDNetworkDomain.m */; };
		2516718415E61023002F2F95 /* PDNetworkTypes.h in Headers */ = {isa = PBXBuildFile; fileRef = 2516713E15E61023002F2F95 /* PDNetworkTypes.h */; settings = {ATTRIBUTES = (Public, ); }; };
		2516718515E61023002F2F95 /* PDNetworkTypes.m in Sources */ = {isa = PBXBuildFile; fileRef = 2516713F15E61023002F2F95 /* PDNetworkTypes.m */; };
		2516718615E61023002F2F95 /* PDPageDomain.h in Headers */ = {isa = PBXBuildFile; fileRef = 2516714015E61023002F2F95 /* PDPageDomain.h */; settings = {ATTRIBUTES = (Public, ); }; };
		2516718715E61023002F2F95 /* PDPageDomain.m in Sources */ = {isa = PBXBuildFile; fileRef = 2516714115E61023002F2F95 /* PDPageDomain.m */; };
		2516718815E61023002F2F95 /* PDPageTypes.h in Headers */ = {isa = PBXBuildFile; fileRef = 2516714215E61023002F2F95 /* PDPageTypes.h */; settings = {ATTRIBUTES = (Public, ); }; };
		2516718915E61023002F2F95 /* PDPageTypes.m in Sources */ = {isa = PBXBuildFile; fileRef = 2516714315E61023002F2F95 /* PDPageTypes.m */; };
		2516718A15E61023002F2F95 /* PDProfilerDomain.h in Headers */ = {isa = PBXBuildFile; fileRef = 2516714415E61023002F2F95 /* PDProfilerDomain.h */; settings = {ATTRIBUTES = (Public, ); }; };
		2516718B15E61023002F2F95 /* PDProfilerDomain.m in Sources */ = {isa = PBXBuildFile; fileRef = 2516714515E61023002F2F95 /* PDProfilerDomain.m */; };
		2516718C15E61023002F2F95 /* PDProfilerTypes.h in Headers */ = {isa = PBXBuildFile; fileRef = 2516714615E61023002F2F95 /* PDProfilerTypes.h */; settings = {ATTRIBUTES = (Public, ); }; };
		2516718D15E61023002F2F95 /* PDProfilerTypes.m in Sources */ = {isa = PBXBuildFile; fileRef = 2516714715E61023002F2F95 /* PDProfilerTypes.m */; };
		2516718E15E61023002F2F95 /* PDRuntimeDomain.h in Headers */ = {isa = PBXBuildFile; fileRef = 2516714815E61023002F2F95 /* PDRuntimeDomain.h */; settings = {ATTRIBUTES = (Public, ); }; };
		2516718F15E61023002F2F95 /* PDRuntimeDomain.m in Sources */ = {isa = PBXBuildFile; fileRef = 2516714915E61023002F2F95 /* PDRuntimeDomain.m */; };
		2516719015E61023002F2F95 /* PDRuntimeTypes.h in Headers */ = {isa = PBXBuildFile; fileRef = 2516714A15E61023002F2F95 /* PDRuntimeTypes.h */; settings = {ATTRIBUTES = (Public, ); }; };
		2516719115E61023002F2F95 /* PDRuntimeTypes.m in Sources */ = {isa = PBXBuildFile; fileRef = 2516714B15E61023002F2F95 /* PDRuntimeTypes.m */; };
		2516719215E61023002F2F95 /* PDTimelineDomain.h in Headers */ = {isa = PBXBuildFile; fileRef = 2516714C15E61023002F2F95 /* PDTimelineDomain.h */; settings = {ATTRIBUTES = (Public, ); }; };
		2516719315E61023002F2F95 /* PDTimelineDomain.m in Sources */ = {isa = PBXBuildFile; fileRef = 2516714D15E61023002F2F95 /* PDTimelineDomain.m */; };
		2516719415E61023002F2F95 /* PDTimelineTypes.h in Headers */ = {isa = PBXBuildFile; fileRef = 2516714E15E61023002F2F95 /* PDTimelineTypes.h */; settings = {ATTRIBUTES = (Public, ); }; };
		2516719515E61023002F2F95 /* PDTimelineTypes.m in Sources */ = {isa = PBXBuildFile; fileRef = 2516714F15E61023002F2F95 /* PDTimelineTypes.m */; };
		2516719615E61023002F2F95 /* PDWebGLDomain.h in Headers */ = {isa = PBXBuildFile; fileRef = 2516715015E61023002F2F95 /* PDWebGLDomain.h */; settings = {ATTRIBUTES = (Public, ); }; };
		2516719715E61023002F2F95 /* PDWebGLDomain.m in Sources */ = {isa = PBXBuildFile; fileRef = 2516715115E61023002F2F95 /* PDWebGLDomain.m */; };
		2516719815E61023002F2F95 /* PDWebGLTypes.h in Headers */ = {isa = PBXBuildFile; fileRef = 2516715215E61023002F2F95 /* PDWebGLTypes.h */; settings = {ATTRIBUTES = (Public, ); }; };
		2516719915E61023002F2F95 /* PDWebGLTypes.m in Sources */ = {isa = PBXBuildFile; fileRef = 2516715315E61023002F2F95 /* PDWebGLTypes.m */; };
		2516719A15E61023002F2F95 /* PDWorkerDomain.h in Headers */ = {isa = PBXBuildFile; fileRef = 2516715415E61023002F2F95 /* PDWorkerDomain.h */; settings = {ATTRIBUTES = (Public, ); }; };
		2516719B15E61023002F2F95 /* PDWorkerDomain.m in Sources */ = {isa = PBXBuildFile; fileRef = 2516715515E61023002F2F95 /* PDWorkerDomain.m */; };
		2560D50F16BE4C06001BAE89 /* NSArray+PDRuntimePropertyDescriptor.h in Headers */ = {isa = PBXBuildFile; fileRef = 2560D50D16BE4C06001BAE89 /* NSArray+PDRuntimePropertyDescriptor.h */; };
		2560D51016BE4C06001BAE89 /* NSArray+PDRuntimePropertyDescriptor.m in Sources */ = {isa = PBXBuildFile; fileRef = 2560D50E16BE4C06001BAE89 /* NSArray+PDRuntimePropertyDescriptor.m */; };
		2560D51616BE53EB001BAE89 /* NSSet+PDRuntimePropertyDescriptor.h in Headers */ = {isa = PBXBuildFile; fileRef = 2560D51416BE53EA001BAE89 /* NSSet+PDRuntimePropertyDescriptor.h */; };
		2560D51716BE53EB001BAE89 /* NSSet+PDRuntimePropertyDescriptor.m in Sources */ = {isa = PBXBuildFile; fileRef = 2560D51516BE53EB001BAE89 /* NSSet+PDRuntimePropertyDescriptor.m */; };
		2560D51A16BE56BF001BAE89 /* NSOrderedSet+PDRuntimePropertyDescriptor.h in Headers */ = {isa = PBXBuildFile; fileRef = 2560D51816BE56BE001BAE89 /* NSOrderedSet+PDRuntimePropertyDescriptor.h */; };
		2560D51B16BE56BF001BAE89 /* NSOrderedSet+PDRuntimePropertyDescriptor.m in Sources */ = {isa = PBXBuildFile; fileRef = 2560D51916BE56BF001BAE89 /* NSOrderedSet+PDRuntimePropertyDescriptor.m */; };
		25E5BCD916B9205200152A45 /* PDConsoleDomainController.h in Headers */ = {isa = PBXBuildFile; fileRef = 25E5BCD716B9205200152A45 /* PDConsoleDomainController.h */; };
		25E5BCDA16B9205200152A45 /* PDConsoleDomainController.m in Sources */ = {isa = PBXBuildFile; fileRef = 25E5BCD816B9205200152A45 /* PDConsoleDomainController.m */; };
		25E5BCE616BA41EA00152A45 /* NSDate+PDDebugger.h in Headers */ = {isa = PBXBuildFile; fileRef = 25E5BCE416BA41EA00152A45 /* NSDate+PDDebugger.h */; };
		25E5BCE716BA41EA00152A45 /* NSDate+PDDebugger.m in Sources */ = {isa = PBXBuildFile; fileRef = 25E5BCE516BA41EA00152A45 /* NSDate+PDDebugger.m */; };
		25E5BCEB16BE3F1C00152A45 /* NSDictionary+PDRuntimePropertyDescriptor.h in Headers */ = {isa = PBXBuildFile; fileRef = 25E5BCE916BE3F1B00152A45 /* NSDictionary+PDRuntimePropertyDescriptor.h */; };
		25E5BCEC16BE3F1C00152A45 /* NSDictionary+PDRuntimePropertyDescriptor.m in Sources */ = {isa = PBXBuildFile; fileRef = 25E5BCEA16BE3F1B00152A45 /* NSDictionary+PDRuntimePropertyDescriptor.m */; };
		25F6AADA172DD5E100515EF7 /* PDContainerIndex.h in Headers */ = {isa = PBXBuildFile; fileRef = 25F6AAD8172DD5E100515EF7 /* PDContainerIndex.h */; };
		25F6AADB172DD5E100515EF7 /* PDContainerIndex.m in Sources */ = {isa = PBXBuildFile; fileRef = 25F6AAD9172DD5E100515EF7 /* PDContainerIndex.m */; };
		3DE2290F15D5874C0035A508 /* NSArray+PD_JSONObject.h in Headers */ = {isa = PBXBuildFile; fileRef = 3DE228A715D5874C0035A508 /* NSArray+PD_JSONObject.h */; settings = {ATTRIBUTES = (Public, ); }; };
		3DE2291015D5874C0035A508 /* NSArray+PD_JSONObject.m in Sources */ = {isa = PBXBuildFile; fileRef = 3DE228A815D5874C0035A508 /* NSArray+PD_JSONObject.m */; };
		3DE2291115D5874C0035A508 /* NSDate+PD_JSONObject.h in Headers */ = {isa = PBXBuildFile; fileRef = 3DE228A915D5874C0035A508 /* NSDate+PD_JSONObject.h */; settings = {ATTRIBUTES = (Public, ); }; };
		3DE2291215D5874C0035A508 /* NSDate+PD_JSONObject.m in Sources */ = {isa = PBXBuildFile; fileRef = 3DE228AA15D5874C0035A508 /* NSDate+PD_JSONObject.m */; };
		3DE2291315D5874C0035A508 /* NSError+PD_JSONObject.h in Headers */ = {isa = PBXBuildFile; fileRef = 3DE228AB15D5874C0035A508 /* NSError+PD_JSONObject.h */; settings = {ATTRIBUTES = (Public, ); }; };
		3DE2291415D5874C0035A508 /* NSError+PD_JSONObject.m in Sources */ = {isa = PBXBuildFile; fileRef = 3DE228AC15D5874C0035A508 /* NSError+PD_JSONObject.m */; };
		3DE2291515D5874C0035A508 /* NSManagedObject+PDRuntimePropertyDescriptor.h in Headers */ = {isa = PBXBuildFile; fileRef = 3DE228AD15D5874C0035A508 /* NSManagedObject+PDRuntimePropertyDescriptor.h */; settings = {ATTRIBUTES = (Public, ); }; };
		3DE2291615D5874C0035A508 /* NSManagedObject+PDRuntimePropertyDescriptor.m in Sources */ = {isa = PBXBuildFile; fileRef = 3DE228AE15D5874C0035A508 /* NSManagedObject+PDRuntimePropertyDescriptor.m */; };
		3DE2291715D5874C0035A508 /* NSObject+PDRuntimePropertyDescriptor.h in Headers */ = {isa = PBXBuildFile; fileRef = 3DE228AF15D5874C0035A508 /* NSObject+PDRuntimePropertyDescriptor.h */; settings = {ATTRIBUTES = (Public, ); }; };
		3DE2291815D5874C0035A508 /* NSObject+PDRuntimePropertyDescriptor.m in Sources */ = {isa = PBXBuildFile; fileRef = 3DE228B015D5874C0035A508 /* NSObject+PDRuntimePropertyDescriptor.m */; };
		3DE2291D15D5874C0035A508 /* PDDebugger.h in Headers */ = {isa = PBXBuildFile; fileRef = 3DE228B515D5874C0035A508 /* PDDebugger.h */; settings = {ATTRIBUTES = (Public, ); }; };
		3DE2291E15D5874C0035A508 /* PDDebugger.m in Sources */ = {isa = PBXBuildFile; fileRef = 3DE228B615D5874C0035A508 /* PDDebugger.m */; };
		3DE2291F15D5874C0035A508 /* PDDefinitions.h in Headers */ = {isa = PBXBuildFile; fileRef = 3DE228B715D5874C0035A508 /* PDDefinitions.h */; settings = {ATTRIBUTES = (Public, ); }; };
		3DE2292015D5874C0035A508 /* PDDefinitions.m in Sources */ = {isa = PBXBuildFile; fileRef = 3DE228B815D5874C0035A508 /* PDDefinitions.m */; };
		3DE2292315D5874C0035A508 /* PDDomainController.h in Headers */ = {isa = PBXBuildFile; fileRef = 3DE228BB15D5874C0035A508 /* PDDomainController.h */; settings = {ATTRIBUTES = (Public, ); }; };
		3DE2292415D5874C0035A508 /* PDDomainController.m in Sources */ = {isa = PBXBuildFile; fileRef = 3DE228BC15D5874C0035A508 /* PDDomainController.m */; };
		3DE2292515D5874C0035A508 /* PDDynamicDebuggerDomain.h in Headers */ = {isa = PBXBuildFile; fileRef = 3DE228BD15D5874C0035A508 /* PDDynamicDebuggerDomain.h */; settings = {ATTRIBUTES = (Public, ); }; };
		3DE2292615D5874C0035A508 /* PDDynamicDebuggerDomain.m in Sources */ = {isa = PBXBuildFile; fileRef = 3DE228BE15D5874C0035A508 /* PDDynamicDebuggerDomain.m */; };
		3DE2292715D5874C0035A508 /* PDIndexedDBDomainController.h in Headers */ = {isa = PBXBuildFile; fileRef = 3DE228BF15D5874C0035A508 /* PDIndexedDBDomainController.h */; settings = {ATTRIBUTES = (Public, ); }; };
		3DE2292815D5874C0035A508 /* PDIndexedDBDomainController.m in Sources */ = {isa = PBXBuildFile; fileRef = 3DE228C015D5874C0035A508 /* PDIndexedDBDomainController.m */; };
		3DE2292915D5874C0035A508 /* PDNetworkDomainController.h in Headers */ = {isa = PBXBuildFile; fileRef = 3DE228C115D5874C0035A508 /* PDNetworkDomainController.h */; settings = {ATTRIBUTES = (Public, ); }; };
		3DE2292A15D5874C0035A508 /* PDNetworkDomainController.m in Sources */ = {isa = PBXBuildFile; fileRef = 3DE228C215D5874C0035A508 /* PDNetworkDomainController.m */; };
		3DE2292B15D5874C0035A508 /* PDObject.h in Headers */ = {isa = PBXBuildFile; fileRef = 3DE228C315D5874C0035A508 /* PDObject.h */; settings = {ATTRIBUTES = (Public, ); }; };
		3DE2292C15D5874C0035A508 /* PDObject.m in Sources */ = {isa = PBXBuildFile; fileRef = 3DE228C415D5874C0035A508 /* PDObject.m */; };
		3DE2292D15D5874C0035A508 /* PDPageDomainController.h in Headers */ = {isa = PBXBuildFile; fileRef = 3DE228C515D5874C0035A508 /* PDPageDomainController.h */; settings = {ATTRIBUTES = (Public, ); }; };
		3DE2292E15D5874C0035A508 /* PDPageDomainController.m in Sources */ = {isa = PBXBuildFile; fileRef = 3DE228C615D5874C0035A508 /* PDPageDomainController.m */; };
		3DE2292F15D5874C0035A508 /* PDRuntimeDomainController.h in Headers */ = {isa = PBXBuildFile; fileRef = 3DE228C715D5874C0035A508 /* PDRuntimeDomainController.h */; settings = {ATTRIBUTES = (Public, ); }; };
		3DE2293015D5874C0035A508 /* PDRuntimeDomainController.m in Sources */ = {isa = PBXBuildFile; fileRef = 3DE228C815D5874C0035A508 /* PDRuntimeDomainController.m */; };
		3DE2293115D5874C0035A508 /* PonyDebugger-Prefix.pch in Headers */ = {isa = PBXBuildFile; fileRef = 3DE228C915D5874C0035A508 /* PonyDebugger-Prefix.pch */; };
		3DE2293215D5874C0035A508 /* PonyDebugger.h in Headers */ = {isa = PBXBuildFile; fileRef = 3DE228CA15D5874C0035A508 /* PonyDebugger.h */; settings = {ATTRIBUTES = (Public, ); }; };
		943D444D160A73810091CA77 /* PDDOMDomainController.h in Headers */ = {isa = PBXBuildFile; fileRef = 943D444B160A73810091CA77 /* PDDOMDomainController.h */; };
		943D444E160A73810091CA77 /* PDDOMDomainController.m in Sources */ = {isa = PBXBuildFile; fileRef = 943D444C160A73810091CA77 /* PDDOMDomainController.m */; };
		947CE06F163CA24E0035FB90 /* PDInspectorDomainController.h in Headers */ = {isa = PBXBuildFile; fileRef = 947CE06D163CA24E0035FB90 /* PDInspectorDomainController.h */; };
		947CE070163CA24E0035FB90 /* PDInspectorDomainController.m in Sources */ = {isa = PBXBuildFile; fileRef = 947CE06E163CA24E0035FB90 /* PDInspectorDomainController.m */; };
		E8D8B39316E00C9600081F80 /* PDPrettyStringPrinter.h in Headers */ = {isa = PBXBuildFile; fileRef = E8D8B39116E00C9600081F80 /* PDPrettyStringPrinter.h */; settings = {ATTRIBUTES = (Public, ); }; };
		E8D8B39416E00C9600081F80 /* PDPrettyStringPrinter.m in Sources */ = {isa = PBXBuildFile; fileRef = E8D8B39216E00C9600081F80 /* PDPrettyStringPrinter.m */; };
		F683ADB014FC1B4D008EBBA7 /* Foundation.framework in Frameworks */ = {isa = PBXBuildFile; fileRef = F683ADAF14FC1B4D008EBBA7 /* Foundation.framework */; };
		F6EA51A716124E7D00A27364 /* NSData+PDB64Additions.h in Headers */ = {isa = PBXBuildFile; fileRef = F6EA51A316124E7D00A27364 /* NSData+PDB64Additions.h */; };
		F6EA51A816124E7D00A27364 /* NSData+PDB64Additions.m in Sources */ = {isa = PBXBuildFile; fileRef = F6EA51A416124E7D00A27364 /* NSData+PDB64Additions.m */; };
/* End PBXBuildFile section */

/* Begin PBXContainerItemProxy section */
		2720E60915E9701F00F7A31F /* PBXContainerItemProxy */ = {
			isa = PBXContainerItemProxy;
			containerPortal = 3DE2294915D5885C0035A508 /* SocketRocket.xcodeproj */;
			proxyType = 1;
			remoteGlobalIDString = F6B2082C1450F597009315AF;
			remoteInfo = SocketRocket;
		};
		3D0696B315D58B3B0025D563 /* PBXContainerItemProxy */ = {
			isa = PBXContainerItemProxy;
			containerPortal = 3DE2294915D5885C0035A508 /* SocketRocket.xcodeproj */;
			proxyType = 2;
			remoteGlobalIDString = F668C880153E91210044DBAC;
			remoteInfo = SocketRocketOSX;
		};
		3DE2295315D5885D0035A508 /* PBXContainerItemProxy */ = {
			isa = PBXContainerItemProxy;
			containerPortal = 3DE2294915D5885C0035A508 /* SocketRocket.xcodeproj */;
			proxyType = 2;
			remoteGlobalIDString = F6B2082D1450F597009315AF;
			remoteInfo = SocketRocket;
		};
		3DE2295515D5885D0035A508 /* PBXContainerItemProxy */ = {
			isa = PBXContainerItemProxy;
			containerPortal = 3DE2294915D5885C0035A508 /* SocketRocket.xcodeproj */;
			proxyType = 2;
			remoteGlobalIDString = F6BDA802145900D200FE3253;
			remoteInfo = SRWebSocketTests;
		};
		3DE2295715D5885D0035A508 /* PBXContainerItemProxy */ = {
			isa = PBXContainerItemProxy;
			containerPortal = 3DE2294915D5885C0035A508 /* SocketRocket.xcodeproj */;
			proxyType = 2;
			remoteGlobalIDString = F62417E314D52F3C003CE997;
			remoteInfo = TestChat;
		};
/* End PBXContainerItemProxy section */

/* Begin PBXFileReference section */
		2516711015E61023002F2F95 /* PDApplicationCacheDomain.h */ = {isa = PBXFileReference; fileEncoding = 4; lastKnownFileType = sourcecode.c.h; path = PDApplicationCacheDomain.h; sourceTree = "<group>"; };
		2516711115E61023002F2F95 /* PDApplicationCacheDomain.m */ = {isa = PBXFileReference; fileEncoding = 4; lastKnownFileType = sourcecode.c.objc; path = PDApplicationCacheDomain.m; sourceTree = "<group>"; };
		2516711215E61023002F2F95 /* PDApplicationCacheTypes.h */ = {isa = PBXFileReference; fileEncoding = 4; lastKnownFileType = sourcecode.c.h; path = PDApplicationCacheTypes.h; sourceTree = "<group>"; };
		2516711315E61023002F2F95 /* PDApplicationCacheTypes.m */ = {isa = PBXFileReference; fileEncoding = 4; lastKnownFileType = sourcecode.c.objc; path = PDApplicationCacheTypes.m; sourceTree = "<group>"; };
		2516711415E61023002F2F95 /* PDConsoleDomain.h */ = {isa = PBXFileReference; fileEncoding = 4; lastKnownFileType = sourcecode.c.h; path = PDConsoleDomain.h; sourceTree = "<group>"; };
		2516711515E61023002F2F95 /* PDConsoleDomain.m */ = {isa = PBXFileReference; fileEncoding = 4; lastKnownFileType = sourcecode.c.objc; path = PDConsoleDomain.m; sourceTree = "<group>"; };
		2516711615E61023002F2F95 /* PDConsoleTypes.h */ = {isa = PBXFileReference; fileEncoding = 4; lastKnownFileType = sourcecode.c.h; path = PDConsoleTypes.h; sourceTree = "<group>"; };
		2516711715E61023002F2F95 /* PDConsoleTypes.m */ = {isa = PBXFileReference; fileEncoding = 4; lastKnownFileType = sourcecode.c.objc; path = PDConsoleTypes.m; sourceTree = "<group>"; };
		2516711815E61023002F2F95 /* PDCSSDomain.h */ = {isa = PBXFileReference; fileEncoding = 4; lastKnownFileType = sourcecode.c.h; path = PDCSSDomain.h; sourceTree = "<group>"; };
		2516711915E61023002F2F95 /* PDCSSDomain.m */ = {isa = PBXFileReference; fileEncoding = 4; lastKnownFileType = sourcecode.c.objc; path = PDCSSDomain.m; sourceTree = "<group>"; };
		2516711A15E61023002F2F95 /* PDCSSTypes.h */ = {isa = PBXFileReference; fileEncoding = 4; lastKnownFileType = sourcecode.c.h; path = PDCSSTypes.h; sourceTree = "<group>"; };
		2516711B15E61023002F2F95 /* PDCSSTypes.m */ = {isa = PBXFileReference; fileEncoding = 4; lastKnownFileType = sourcecode.c.objc; path = PDCSSTypes.m; sourceTree = "<group>"; };
		2516711C15E61023002F2F95 /* PDDatabaseDomain.h */ = {isa = PBXFileReference; fileEncoding = 4; lastKnownFileType = sourcecode.c.h; path = PDDatabaseDomain.h; sourceTree = "<group>"; };
		2516711D15E61023002F2F95 /* PDDatabaseDomain.m */ = {isa = PBXFileReference; fileEncoding = 4; lastKnownFileType = sourcecode.c.objc; path = PDDatabaseDomain.m; sourceTree = "<group>"; };
		2516711E15E61023002F2F95 /* PDDatabaseTypes.h */ = {isa = PBXFileReference; fileEncoding = 4; lastKnownFileType = sourcecode.c.h; path = PDDatabaseTypes.h; sourceTree = "<group>"; };
		2516711F15E61023002F2F95 /* PDDatabaseTypes.m */ = {isa = PBXFileReference; fileEncoding = 4; lastKnownFileType = sourcecode.c.objc; path = PDDatabaseTypes.m; sourceTree = "<group>"; };
		2516712015E61023002F2F95 /* PDDebuggerDomain.h */ = {isa = PBXFileReference; fileEncoding = 4; lastKnownFileType = sourcecode.c.h; path = PDDebuggerDomain.h; sourceTree = "<group>"; };
		2516712115E61023002F2F95 /* PDDebuggerDomain.m */ = {isa = PBXFileReference; fileEncoding = 4; lastKnownFileType = sourcecode.c.objc; path = PDDebuggerDomain.m; sourceTree = "<group>"; };
		2516712215E61023002F2F95 /* PDDebuggerTypes.h */ = {isa = PBXFileReference; fileEncoding = 4; lastKnownFileType = sourcecode.c.h; path = PDDebuggerTypes.h; sourceTree = "<group>"; };
		2516712315E61023002F2F95 /* PDDebuggerTypes.m */ = {isa = PBXFileReference; fileEncoding = 4; lastKnownFileType = sourcecode.c.objc; path = PDDebuggerTypes.m; sourceTree = "<group>"; };
		2516712415E61023002F2F95 /* PDDOMDebuggerDomain.h */ = {isa = PBXFileReference; fileEncoding = 4; lastKnownFileType = sourcecode.c.h; path = PDDOMDebuggerDomain.h; sourceTree = "<group>"; };
		2516712515E61023002F2F95 /* PDDOMDebuggerDomain.m */ = {isa = PBXFileReference; fileEncoding = 4; lastKnownFileType = sourcecode.c.objc; path = PDDOMDebuggerDomain.m; sourceTree = "<group>"; };
		2516712615E61023002F2F95 /* PDDOMDomain.h */ = {isa = PBXFileReference; fileEncoding = 4; lastKnownFileType = sourcecode.c.h; path = PDDOMDomain.h; sourceTree = "<group>"; };
		2516712715E61023002F2F95 /* PDDOMDomain.m */ = {isa = PBXFileReference; fileEncoding = 4; lastKnownFileType = sourcecode.c.objc; path = PDDOMDomain.m; sourceTree = "<group>"; };
		2516712815E61023002F2F95 /* PDDOMStorageDomain.h */ = {isa = PBXFileReference; fileEncoding = 4; lastKnownFileType = sourcecode.c.h; path = PDDOMStorageDomain.h; sourceTree = "<group>"; };
		2516712915E61023002F2F95 /* PDDOMStorageDomain.m */ = {isa = PBXFileReference; fileEncoding = 4; lastKnownFileType = sourcecode.c.objc; path = PDDOMStorageDomain.m; sourceTree = "<group>"; };
		2516712A15E61023002F2F95 /* PDDOMStorageTypes.h */ = {isa = PBXFileReference; fileEncoding = 4; lastKnownFileType = sourcecode.c.h; path = PDDOMStorageTypes.h; sourceTree = "<group>"; };
		2516712B15E61023002F2F95 /* PDDOMStorageTypes.m */ = {isa = PBXFileReference; fileEncoding = 4; lastKnownFileType = sourcecode.c.objc; path = PDDOMStorageTypes.m; sourceTree = "<group>"; };
		2516712C15E61023002F2F95 /* PDDOMTypes.h */ = {isa = PBXFileReference; fileEncoding = 4; lastKnownFileType = sourcecode.c.h; path = PDDOMTypes.h; sourceTree = "<group>"; };
		2516712D15E61023002F2F95 /* PDDOMTypes.m */ = {isa = PBXFileReference; fileEncoding = 4; lastKnownFileType = sourcecode.c.objc; path = PDDOMTypes.m; sourceTree = "<group>"; };
		2516712E15E61023002F2F95 /* PDFileSystemDomain.h */ = {isa = PBXFileReference; fileEncoding = 4; lastKnownFileType = sourcecode.c.h; path = PDFileSystemDomain.h; sourceTree = "<group>"; };
		2516712F15E61023002F2F95 /* PDFileSystemDomain.m */ = {isa = PBXFileReference; fileEncoding = 4; lastKnownFileType = sourcecode.c.objc; path = PDFileSystemDomain.m; sourceTree = "<group>"; };
		2516713015E61023002F2F95 /* PDFileSystemTypes.h */ = {isa = PBXFileReference; fileEncoding = 4; lastKnownFileType = sourcecode.c.h; path = PDFileSystemTypes.h; sourceTree = "<group>"; };
		2516713115E61023002F2F95 /* PDFileSystemTypes.m */ = {isa = PBXFileReference; fileEncoding = 4; lastKnownFileType = sourcecode.c.objc; path = PDFileSystemTypes.m; sourceTree = "<group>"; };
		2516713215E61023002F2F95 /* PDIndexedDBDomain.h */ = {isa = PBXFileReference; fileEncoding = 4; lastKnownFileType = sourcecode.c.h; path = PDIndexedDBDomain.h; sourceTree = "<group>"; };
		2516713315E61023002F2F95 /* PDIndexedDBDomain.m */ = {isa = PBXFileReference; fileEncoding = 4; lastKnownFileType = sourcecode.c.objc; path = PDIndexedDBDomain.m; sourceTree = "<group>"; };
		2516713415E61023002F2F95 /* PDIndexedDBTypes.h */ = {isa = PBXFileReference; fileEncoding = 4; lastKnownFileType = sourcecode.c.h; path = PDIndexedDBTypes.h; sourceTree = "<group>"; };
		2516713515E61023002F2F95 /* PDIndexedDBTypes.m */ = {isa = PBXFileReference; fileEncoding = 4; lastKnownFileType = sourcecode.c.objc; path = PDIndexedDBTypes.m; sourceTree = "<group>"; };
		2516713615E61023002F2F95 /* PDInspectorDomain.h */ = {isa = PBXFileReference; fileEncoding = 4; lastKnownFileType = sourcecode.c.h; path = PDInspectorDomain.h; sourceTree = "<group>"; };
		2516713715E61023002F2F95 /* PDInspectorDomain.m */ = {isa = PBXFileReference; fileEncoding = 4; lastKnownFileType = sourcecode.c.objc; path = PDInspectorDomain.m; sourceTree = "<group>"; };
		2516713815E61023002F2F95 /* PDMemoryDomain.h */ = {isa = PBXFileReference; fileEncoding = 4; lastKnownFileType = sourcecode.c.h; path = PDMemoryDomain.h; sourceTree = "<group>"; };
		2516713915E61023002F2F95 /* PDMemoryDomain.m */ = {isa = PBXFileReference; fileEncoding = 4; lastKnownFileType = sourcecode.c.objc; path = PDMemoryDomain.m; sourceTree = "<group>"; };
		2516713A15E61023002F2F95 /* PDMemoryTypes.h */ = {isa = PBXFileReference; fileEncoding = 4; lastKnownFileType = sourcecode.c.h; path = PDMemoryTypes.h; sourceTree = "<group>"; };
		2516713B15E61023002F2F95 /* PDMemoryTypes.m */ = {isa = PBXFileReference; fileEncoding = 4; lastKnownFileType = sourcecode.c.objc; path = PDMemoryTypes.m; sourceTree = "<group>"; };
		2516713C15E61023002F2F95 /* PDNetworkDomain.h */ = {isa = PBXFileReference; fileEncoding = 4; lastKnownFileType = sourcecode.c.h; path = PDNetworkDomain.h; sourceTree = "<group>"; };
		2516713D15E61023002F2F95 /* PDNetworkDomain.m */ = {isa = PBXFileReference; fileEncoding = 4; lastKnownFileType = sourcecode.c.objc; path = PDNetworkDomain.m; sourceTree = "<group>"; };
		2516713E15E61023002F2F95 /* PDNetworkTypes.h */ = {isa = PBXFileReference; fileEncoding = 4; lastKnownFileType = sourcecode.c.h; path = PDNetworkTypes.h; sourceTree = "<group>"; };
		2516713F15E61023002F2F95 /* PDNetworkTypes.m */ = {isa = PBXFileReference; fileEncoding = 4; lastKnownFileType = sourcecode.c.objc; path = PDNetworkTypes.m; sourceTree = "<group>"; };
		2516714015E61023002F2F95 /* PDPageDomain.h */ = {isa = PBXFileReference; fileEncoding = 4; lastKnownFileType = sourcecode.c.h; path = PDPageDomain.h; sourceTree = "<group>"; };
		2516714115E61023002F2F95 /* PDPageDomain.m */ = {isa = PBXFileReference; fileEncoding = 4; lastKnownFileType = sourcecode.c.objc; path = PDPageDomain.m; sourceTree = "<group>"; };
		2516714215E61023002F2F95 /* PDPageTypes.h */ = {isa = PBXFileReference; fileEncoding = 4; lastKnownFileType = sourcecode.c.h; path = PDPageTypes.h; sourceTree = "<group>"; };
		2516714315E61023002F2F95 /* PDPageTypes.m */ = {isa = PBXFileReference; fileEncoding = 4; lastKnownFileType = sourcecode.c.objc; path = PDPageTypes.m; sourceTree = "<group>"; };
		2516714415E61023002F2F95 /* PDProfilerDomain.h */ = {isa = PBXFileReference; fileEncoding = 4; lastKnownFileType = sourcecode.c.h; path = PDProfilerDomain.h; sourceTree = "<group>"; };
		2516714515E61023002F2F95 /* PDProfilerDomain.m */ = {isa = PBXFileReference; fileEncoding = 4; lastKnownFileType = sourcecode.c.objc; path = PDProfilerDomain.m; sourceTree = "<group>"; };
		2516714615E61023002F2F95 /* PDProfilerTypes.h */ = {isa = PBXFileReference; fileEncoding = 4; lastKnownFileType = sourcecode.c.h; path = PDProfilerTypes.h; sourceTree = "<group>"; };
		2516714715E61023002F2F95 /* PDProfilerTypes.m */ = {isa = PBXFileReference; fileEncoding = 4; lastKnownFileType = sourcecode.c.objc; path = PDProfilerTypes.m; sourceTree = "<group>"; };
		2516714815E61023002F2F95 /* PDRuntimeDomain.h */ = {isa = PBXFileReference; fileEncoding = 4; lastKnownFileType = sourcecode.c.h; path = PDRuntimeDomain.h; sourceTree = "<group>"; };
		2516714915E61023002F2F95 /* PDRuntimeDomain.m */ = {isa = PBXFileReference; fileEncoding = 4; lastKnownFileType = sourcecode.c.objc; path = PDRuntimeDomain.m; sourceTree = "<group>"; };
		2516714A15E61023002F2F95 /* PDRuntimeTypes.h */ = {isa = PBXFileReference; fileEncoding = 4; lastKnownFileType = sourcecode.c.h; path = PDRuntimeTypes.h; sourceTree = "<group>"; };
		2516714B15E61023002F2F95 /* PDRuntimeTypes.m */ = {isa = PBXFileReference; fileEncoding = 4; lastKnownFileType = sourcecode.c.objc; path = PDRuntimeTypes.m; sourceTree = "<group>"; };
		2516714C15E61023002F2F95 /* PDTimelineDomain.h */ = {isa = PBXFileReference; fileEncoding = 4; lastKnownFileType = sourcecode.c.h; path = PDTimelineDomain.h; sourceTree = "<group>"; };
		2516714D15E61023002F2F95 /* PDTimelineDomain.m */ = {isa = PBXFileReference; fileEncoding = 4; lastKnownFileType = sourcecode.c.objc; path = PDTimelineDomain.m; sourceTree = "<group>"; };
		2516714E15E61023002F2F95 /* PDTimelineTypes.h */ = {isa = PBXFileReference; fileEncoding = 4; lastKnownFileType = sourcecode.c.h; path = PDTimelineTypes.h; sourceTree = "<group>"; };
		2516714F15E61023002F2F95 /* PDTimelineTypes.m */ = {isa = PBXFileReference; fileEncoding = 4; lastKnownFileType = sourcecode.c.objc; path = PDTimelineTypes.m; sourceTree = "<group>"; };
		2516715015E61023002F2F95 /* PDWebGLDomain.h */ = {isa = PBXFileReference; fileEncoding = 4; lastKnownFileType = sourcecode.c.h; path = PDWebGLDomain.h; sourceTree = "<group>"; };
		2516715115E61023002F2F95 /* PDWebGLDomain.m */ = {isa = PBXFileReference; fileEncoding = 4; lastKnownFileType = sourcecode.c.objc; path = PDWebGLDomain.m; sourceTree = "<group>"; };
		2516715215E61023002F2F95 /* PDWebGLTypes.h */ = {isa = PBXFileReference; fileEncoding = 4; lastKnownFileType = sourcecode.c.h; path = PDWebGLTypes.h; sourceTree = "<group>"; };
		2516715315E61023002F2F95 /* PDWebGLTypes.m */ = {isa = PBXFileReference; fileEncoding = 4; lastKnownFileType = sourcecode.c.objc; path = PDWebGLTypes.m; sourceTree = "<group>"; };
		2516715415E61023002F2F95 /* PDWorkerDomain.h */ = {isa = PBXFileReference; fileEncoding = 4; lastKnownFileType = sourcecode.c.h; path = PDWorkerDomain.h; sourceTree = "<group>"; };
		2516715515E61023002F2F95 /* PDWorkerDomain.m */ = {isa = PBXFileReference; fileEncoding = 4; lastKnownFileType = sourcecode.c.objc; path = PDWorkerDomain.m; sourceTree = "<group>"; };
		2560D50D16BE4C06001BAE89 /* NSArray+PDRuntimePropertyDescriptor.h */ = {isa = PBXFileReference; fileEncoding = 4; lastKnownFileType = sourcecode.c.h; path = "NSArray+PDRuntimePropertyDescriptor.h"; sourceTree = "<group>"; };
		2560D50E16BE4C06001BAE89 /* NSArray+PDRuntimePropertyDescriptor.m */ = {isa = PBXFileReference; fileEncoding = 4; lastKnownFileType = sourcecode.c.objc; path = "NSArray+PDRuntimePropertyDescriptor.m"; sourceTree = "<group>"; };
		2560D51416BE53EA001BAE89 /* NSSet+PDRuntimePropertyDescriptor.h */ = {isa = PBXFileReference; fileEncoding = 4; lastKnownFileType = sourcecode.c.h; path = "NSSet+PDRuntimePropertyDescriptor.h"; sourceTree = "<group>"; };
		2560D51516BE53EB001BAE89 /* NSSet+PDRuntimePropertyDescriptor.m */ = {isa = PBXFileReference; fileEncoding = 4; lastKnownFileType = sourcecode.c.objc; path = "NSSet+PDRuntimePropertyDescriptor.m"; sourceTree = "<group>"; };
		2560D51816BE56BE001BAE89 /* NSOrderedSet+PDRuntimePropertyDescriptor.h */ = {isa = PBXFileReference; fileEncoding = 4; lastKnownFileType = sourcecode.c.h; path = "NSOrderedSet+PDRuntimePropertyDescriptor.h"; sourceTree = "<group>"; };
		2560D51916BE56BF001BAE89 /* NSOrderedSet+PDRuntimePropertyDescriptor.m */ = {isa = PBXFileReference; fileEncoding = 4; lastKnownFileType = sourcecode.c.objc; path = "NSOrderedSet+PDRuntimePropertyDescriptor.m"; sourceTree = "<group>"; };
		25E5BCD716B9205200152A45 /* PDConsoleDomainController.h */ = {isa = PBXFileReference; fileEncoding = 4; lastKnownFileType = sourcecode.c.h; path = PDConsoleDomainController.h; sourceTree = "<group>"; };
		25E5BCD816B9205200152A45 /* PDConsoleDomainController.m */ = {isa = PBXFileReference; fileEncoding = 4; lastKnownFileType = sourcecode.c.objc; path = PDConsoleDomainController.m; sourceTree = "<group>"; };
		25E5BCE416BA41EA00152A45 /* NSDate+PDDebugger.h */ = {isa = PBXFileReference; fileEncoding = 4; lastKnownFileType = sourcecode.c.h; path = "NSDate+PDDebugger.h"; sourceTree = "<group>"; };
		25E5BCE516BA41EA00152A45 /* NSDate+PDDebugger.m */ = {isa = PBXFileReference; fileEncoding = 4; lastKnownFileType = sourcecode.c.objc; path = "NSDate+PDDebugger.m"; sourceTree = "<group>"; };
		25E5BCE916BE3F1B00152A45 /* NSDictionary+PDRuntimePropertyDescriptor.h */ = {isa = PBXFileReference; fileEncoding = 4; lastKnownFileType = sourcecode.c.h; path = "NSDictionary+PDRuntimePropertyDescriptor.h"; sourceTree = "<group>"; };
		25E5BCEA16BE3F1B00152A45 /* NSDictionary+PDRuntimePropertyDescriptor.m */ = {isa = PBXFileReference; fileEncoding = 4; lastKnownFileType = sourcecode.c.objc; path = "NSDictionary+PDRuntimePropertyDescriptor.m"; sourceTree = "<group>"; };
		25F6AAD8172DD5E100515EF7 /* PDContainerIndex.h */ = {isa = PBXFileReference; fileEncoding = 4; lastKnownFileType = sourcecode.c.h; path = PDContainerIndex.h; sourceTree = "<group>"; };
		25F6AAD9172DD5E100515EF7 /* PDContainerIndex.m */ = {isa = PBXFileReference; fileEncoding = 4; lastKnownFileType = sourcecode.c.objc; path = PDContainerIndex.m; sourceTree = "<group>"; };
		3DE228A715D5874C0035A508 /* NSArray+PD_JSONObject.h */ = {isa = PBXFileReference; fileEncoding = 4; lastKnownFileType = sourcecode.c.h; path = "NSArray+PD_JSONObject.h"; sourceTree = "<group>"; };
		3DE228A815D5874C0035A508 /* NSArray+PD_JSONObject.m */ = {isa = PBXFileReference; fileEncoding = 4; lastKnownFileType = sourcecode.c.objc; path = "NSArray+PD_JSONObject.m"; sourceTree = "<group>"; };
		3DE228A915D5874C0035A508 /* NSDate+PD_JSONObject.h */ = {isa = PBXFileReference; fileEncoding = 4; lastKnownFileType = sourcecode.c.h; path = "NSDate+PD_JSONObject.h"; sourceTree = "<group>"; };
		3DE228AA15D5874C0035A508 /* NSDate+PD_JSONObject.m */ = {isa = PBXFileReference; fileEncoding = 4; lastKnownFileType = sourcecode.c.objc; path = "NSDate+PD_JSONObject.m"; sourceTree = "<group>"; };
		3DE228AB15D5874C0035A508 /* NSError+PD_JSONObject.h */ = {isa = PBXFileReference; fileEncoding = 4; lastKnownFileType = sourcecode.c.h; path = "NSError+PD_JSONObject.h"; sourceTree = "<group>"; };
		3DE228AC15D5874C0035A508 /* NSError+PD_JSONObject.m */ = {isa = PBXFileReference; fileEncoding = 4; lastKnownFileType = sourcecode.c.objc; path = "NSError+PD_JSONObject.m"; sourceTree = "<group>"; };
		3DE228AD15D5874C0035A508 /* NSManagedObject+PDRuntimePropertyDescriptor.h */ = {isa = PBXFileReference; fileEncoding = 4; lastKnownFileType = sourcecode.c.h; path = "NSManagedObject+PDRuntimePropertyDescriptor.h"; sourceTree = "<group>"; };
		3DE228AE15D5874C0035A508 /* NSManagedObject+PDRuntimePropertyDescriptor.m */ = {isa = PBXFileReference; fileEncoding = 4; lastKnownFileType = sourcecode.c.objc; path = "NSManagedObject+PDRuntimePropertyDescriptor.m"; sourceTree = "<group>"; };
		3DE228AF15D5874C0035A508 /* NSObject+PDRuntimePropertyDescriptor.h */ = {isa = PBXFileReference; fileEncoding = 4; lastKnownFileType = sourcecode.c.h; path = "NSObject+PDRuntimePropertyDescriptor.h"; sourceTree = "<group>"; };
		3DE228B015D5874C0035A508 /* NSObject+PDRuntimePropertyDescriptor.m */ = {isa = PBXFileReference; fileEncoding = 4; lastKnownFileType = sourcecode.c.objc; path = "NSObject+PDRuntimePropertyDescriptor.m"; sourceTree = "<group>"; };
		3DE228B515D5874C0035A508 /* PDDebugger.h */ = {isa = PBXFileReference; fileEncoding = 4; lastKnownFileType = sourcecode.c.h; path = PDDebugger.h; sourceTree = "<group>"; };
		3DE228B615D5874C0035A508 /* PDDebugger.m */ = {isa = PBXFileReference; fileEncoding = 4; lastKnownFileType = sourcecode.c.objc; path = PDDebugger.m; sourceTree = "<group>"; };
		3DE228B715D5874C0035A508 /* PDDefinitions.h */ = {isa = PBXFileReference; fileEncoding = 4; lastKnownFileType = sourcecode.c.h; path = PDDefinitions.h; sourceTree = "<group>"; };
		3DE228B815D5874C0035A508 /* PDDefinitions.m */ = {isa = PBXFileReference; fileEncoding = 4; lastKnownFileType = sourcecode.c.objc; path = PDDefinitions.m; sourceTree = "<group>"; };
		3DE228BB15D5874C0035A508 /* PDDomainController.h */ = {isa = PBXFileReference; fileEncoding = 4; lastKnownFileType = sourcecode.c.h; path = PDDomainController.h; sourceTree = "<group>"; };
		3DE228BC15D5874C0035A508 /* PDDomainController.m */ = {isa = PBXFileReference; fileEncoding = 4; lastKnownFileType = sourcecode.c.objc; path = PDDomainController.m; sourceTree = "<group>"; };
		3DE228BD15D5874C0035A508 /* PDDynamicDebuggerDomain.h */ = {isa = PBXFileReference; fileEncoding = 4; lastKnownFileType = sourcecode.c.h; path = PDDynamicDebuggerDomain.h; sourceTree = "<group>"; };
		3DE228BE15D5874C0035A508 /* PDDynamicDebuggerDomain.m */ = {isa = PBXFileReference; fileEncoding = 4; lastKnownFileType = sourcecode.c.objc; path = PDDynamicDebuggerDomain.m; sourceTree = "<group>"; };
		3DE228BF15D5874C0035A508 /* PDIndexedDBDomainController.h */ = {isa = PBXFileReference; fileEncoding = 4; lastKnownFileType = sourcecode.c.h; path = PDIndexedDBDomainController.h; sourceTree = "<group>"; };
		3DE228C015D5874C0035A508 /* PDIndexedDBDomainController.m */ = {isa = PBXFileReference; fileEncoding = 4; lastKnownFileType = sourcecode.c.objc; path = PDIndexedDBDomainController.m; sourceTree = "<group>"; usesTabs = 0; };
		3DE228C115D5874C0035A508 /* PDNetworkDomainController.h */ = {isa = PBXFileReference; fileEncoding = 4; lastKnownFileType = sourcecode.c.h; path = PDNetworkDomainController.h; sourceTree = "<group>"; };
		3DE228C215D5874C0035A508 /* PDNetworkDomainController.m */ = {isa = PBXFileReference; fileEncoding = 4; lastKnownFileType = sourcecode.c.objc; path = PDNetworkDomainController.m; sourceTree = "<group>"; };
		3DE228C315D5874C0035A508 /* PDObject.h */ = {isa = PBXFileReference; fileEncoding = 4; lastKnownFileType = sourcecode.c.h; path = PDObject.h; sourceTree = "<group>"; };
		3DE228C415D5874C0035A508 /* PDObject.m */ = {isa = PBXFileReference; fileEncoding = 4; lastKnownFileType = sourcecode.c.objc; path = PDObject.m; sourceTree = "<group>"; };
		3DE228C515D5874C0035A508 /* PDPageDomainController.h */ = {isa = PBXFileReference; fileEncoding = 4; lastKnownFileType = sourcecode.c.h; path = PDPageDomainController.h; sourceTree = "<group>"; };
		3DE228C615D5874C0035A508 /* PDPageDomainController.m */ = {isa = PBXFileReference; fileEncoding = 4; lastKnownFileType = sourcecode.c.objc; path = PDPageDomainController.m; sourceTree = "<group>"; };
		3DE228C715D5874C0035A508 /* PDRuntimeDomainController.h */ = {isa = PBXFileReference; fileEncoding = 4; lastKnownFileType = sourcecode.c.h; path = PDRuntimeDomainController.h; sourceTree = "<group>"; };
		3DE228C815D5874C0035A508 /* PDRuntimeDomainController.m */ = {isa = PBXFileReference; fileEncoding = 4; lastKnownFileType = sourcecode.c.objc; path = PDRuntimeDomainController.m; sourceTree = "<group>"; };
		3DE228C915D5874C0035A508 /* PonyDebugger-Prefix.pch */ = {isa = PBXFileReference; fileEncoding = 4; lastKnownFileType = sourcecode.c.h; path = "PonyDebugger-Prefix.pch"; sourceTree = "<group>"; };
		3DE228CA15D5874C0035A508 /* PonyDebugger.h */ = {isa = PBXFileReference; fileEncoding = 4; lastKnownFileType = sourcecode.c.h; path = PonyDebugger.h; sourceTree = "<group>"; };
		3DE2294915D5885C0035A508 /* SocketRocket.xcodeproj */ = {isa = PBXFileReference; lastKnownFileType = "wrapper.pb-project"; name = SocketRocket.xcodeproj; path = SocketRocket/SocketRocket.xcodeproj; sourceTree = "<group>"; };
		943D444B160A73810091CA77 /* PDDOMDomainController.h */ = {isa = PBXFileReference; fileEncoding = 4; lastKnownFileType = sourcecode.c.h; path = PDDOMDomainController.h; sourceTree = "<group>"; };
		943D444C160A73810091CA77 /* PDDOMDomainController.m */ = {isa = PBXFileReference; fileEncoding = 4; lastKnownFileType = sourcecode.c.objc; path = PDDOMDomainController.m; sourceTree = "<group>"; };
		947CE06D163CA24E0035FB90 /* PDInspectorDomainController.h */ = {isa = PBXFileReference; fileEncoding = 4; lastKnownFileType = sourcecode.c.h; path = PDInspectorDomainController.h; sourceTree = "<group>"; };
		947CE06E163CA24E0035FB90 /* PDInspectorDomainController.m */ = {isa = PBXFileReference; fileEncoding = 4; lastKnownFileType = sourcecode.c.objc; path = PDInspectorDomainController.m; sourceTree = "<group>"; };
		E8D8B39116E00C9600081F80 /* PDPrettyStringPrinter.h */ = {isa = PBXFileReference; fileEncoding = 4; lastKnownFileType = sourcecode.c.h; path = PDPrettyStringPrinter.h; sourceTree = "<group>"; };
		E8D8B39216E00C9600081F80 /* PDPrettyStringPrinter.m */ = {isa = PBXFileReference; fileEncoding = 4; lastKnownFileType = sourcecode.c.objc; path = PDPrettyStringPrinter.m; sourceTree = "<group>"; };
		F60EBEA114FC87EE0095B011 /* CoreData.framework */ = {isa = PBXFileReference; lastKnownFileType = wrapper.framework; name = CoreData.framework; path = System/Library/Frameworks/CoreData.framework; sourceTree = SDKROOT; };
		F60EBEA714FC92450095B011 /* CFNetwork.framework */ = {isa = PBXFileReference; lastKnownFileType = wrapper.framework; name = CFNetwork.framework; path = System/Library/Frameworks/CFNetwork.framework; sourceTree = SDKROOT; };
		F60EBEAA14FC92630095B011 /* libicucore.dylib */ = {isa = PBXFileReference; lastKnownFileType = "compiled.mach-o.dylib"; name = libicucore.dylib; path = usr/lib/libicucore.dylib; sourceTree = SDKROOT; };
		F60EBEAC14FC926E0095B011 /* Security.framework */ = {isa = PBXFileReference; lastKnownFileType = wrapper.framework; name = Security.framework; path = System/Library/Frameworks/Security.framework; sourceTree = SDKROOT; };
		F66E1ECF14FC7CF0000E0707 /* UIKit.framework */ = {isa = PBXFileReference; lastKnownFileType = wrapper.framework; name = UIKit.framework; path = System/Library/Frameworks/UIKit.framework; sourceTree = SDKROOT; };
		F66E1ED214FC7CF0000E0707 /* CoreGraphics.framework */ = {isa = PBXFileReference; lastKnownFileType = wrapper.framework; name = CoreGraphics.framework; path = System/Library/Frameworks/CoreGraphics.framework; sourceTree = SDKROOT; };
		F683ADAC14FC1B4C008EBBA7 /* libPonyDebugger.a */ = {isa = PBXFileReference; explicitFileType = archive.ar; includeInIndex = 0; path = libPonyDebugger.a; sourceTree = BUILT_PRODUCTS_DIR; };
		F683ADAF14FC1B4D008EBBA7 /* Foundation.framework */ = {isa = PBXFileReference; lastKnownFileType = wrapper.framework; name = Foundation.framework; path = System/Library/Frameworks/Foundation.framework; sourceTree = SDKROOT; };
		F6EA51A316124E7D00A27364 /* NSData+PDB64Additions.h */ = {isa = PBXFileReference; fileEncoding = 4; lastKnownFileType = sourcecode.c.h; path = "NSData+PDB64Additions.h"; sourceTree = "<group>"; };
		F6EA51A416124E7D00A27364 /* NSData+PDB64Additions.m */ = {isa = PBXFileReference; fileEncoding = 4; lastKnownFileType = sourcecode.c.objc; path = "NSData+PDB64Additions.m"; sourceTree = "<group>"; };
/* End PBXFileReference section */

/* Begin PBXFrameworksBuildPhase section */
		F683ADA914FC1B4C008EBBA7 /* Frameworks */ = {
			isa = PBXFrameworksBuildPhase;
			buildActionMask = 2147483647;
			files = (
				F683ADB014FC1B4D008EBBA7 /* Foundation.framework in Frameworks */,
			);
			runOnlyForDeploymentPostprocessing = 0;
		};
/* End PBXFrameworksBuildPhase section */

/* Begin PBXGroup section */
		2516710F15E61023002F2F95 /* DerivedSources */ = {
			isa = PBXGroup;
			children = (
				2516711015E61023002F2F95 /* PDApplicationCacheDomain.h */,
				2516711115E61023002F2F95 /* PDApplicationCacheDomain.m */,
				2516711215E61023002F2F95 /* PDApplicationCacheTypes.h */,
				2516711315E61023002F2F95 /* PDApplicationCacheTypes.m */,
				2516711415E61023002F2F95 /* PDConsoleDomain.h */,
				2516711515E61023002F2F95 /* PDConsoleDomain.m */,
				2516711615E61023002F2F95 /* PDConsoleTypes.h */,
				2516711715E61023002F2F95 /* PDConsoleTypes.m */,
				2516711815E61023002F2F95 /* PDCSSDomain.h */,
				2516711915E61023002F2F95 /* PDCSSDomain.m */,
				2516711A15E61023002F2F95 /* PDCSSTypes.h */,
				2516711B15E61023002F2F95 /* PDCSSTypes.m */,
				2516711C15E61023002F2F95 /* PDDatabaseDomain.h */,
				2516711D15E61023002F2F95 /* PDDatabaseDomain.m */,
				2516711E15E61023002F2F95 /* PDDatabaseTypes.h */,
				2516711F15E61023002F2F95 /* PDDatabaseTypes.m */,
				2516712015E61023002F2F95 /* PDDebuggerDomain.h */,
				2516712115E61023002F2F95 /* PDDebuggerDomain.m */,
				2516712215E61023002F2F95 /* PDDebuggerTypes.h */,
				2516712315E61023002F2F95 /* PDDebuggerTypes.m */,
				2516712415E61023002F2F95 /* PDDOMDebuggerDomain.h */,
				2516712515E61023002F2F95 /* PDDOMDebuggerDomain.m */,
				2516712615E61023002F2F95 /* PDDOMDomain.h */,
				2516712715E61023002F2F95 /* PDDOMDomain.m */,
				2516712815E61023002F2F95 /* PDDOMStorageDomain.h */,
				2516712915E61023002F2F95 /* PDDOMStorageDomain.m */,
				2516712A15E61023002F2F95 /* PDDOMStorageTypes.h */,
				2516712B15E61023002F2F95 /* PDDOMStorageTypes.m */,
				2516712C15E61023002F2F95 /* PDDOMTypes.h */,
				2516712D15E61023002F2F95 /* PDDOMTypes.m */,
				2516712E15E61023002F2F95 /* PDFileSystemDomain.h */,
				2516712F15E61023002F2F95 /* PDFileSystemDomain.m */,
				2516713015E61023002F2F95 /* PDFileSystemTypes.h */,
				2516713115E61023002F2F95 /* PDFileSystemTypes.m */,
				2516713215E61023002F2F95 /* PDIndexedDBDomain.h */,
				2516713315E61023002F2F95 /* PDIndexedDBDomain.m */,
				2516713415E61023002F2F95 /* PDIndexedDBTypes.h */,
				2516713515E61023002F2F95 /* PDIndexedDBTypes.m */,
				2516713615E61023002F2F95 /* PDInspectorDomain.h */,
				2516713715E61023002F2F95 /* PDInspectorDomain.m */,
				2516713815E61023002F2F95 /* PDMemoryDomain.h */,
				2516713915E61023002F2F95 /* PDMemoryDomain.m */,
				2516713A15E61023002F2F95 /* PDMemoryTypes.h */,
				2516713B15E61023002F2F95 /* PDMemoryTypes.m */,
				2516713C15E61023002F2F95 /* PDNetworkDomain.h */,
				2516713D15E61023002F2F95 /* PDNetworkDomain.m */,
				2516713E15E61023002F2F95 /* PDNetworkTypes.h */,
				2516713F15E61023002F2F95 /* PDNetworkTypes.m */,
				2516714015E61023002F2F95 /* PDPageDomain.h */,
				2516714115E61023002F2F95 /* PDPageDomain.m */,
				2516714215E61023002F2F95 /* PDPageTypes.h */,
				2516714315E61023002F2F95 /* PDPageTypes.m */,
				2516714415E61023002F2F95 /* PDProfilerDomain.h */,
				2516714515E61023002F2F95 /* PDProfilerDomain.m */,
				2516714615E61023002F2F95 /* PDProfilerTypes.h */,
				2516714715E61023002F2F95 /* PDProfilerTypes.m */,
				2516714815E61023002F2F95 /* PDRuntimeDomain.h */,
				2516714915E61023002F2F95 /* PDRuntimeDomain.m */,
				2516714A15E61023002F2F95 /* PDRuntimeTypes.h */,
				2516714B15E61023002F2F95 /* PDRuntimeTypes.m */,
				2516714C15E61023002F2F95 /* PDTimelineDomain.h */,
				2516714D15E61023002F2F95 /* PDTimelineDomain.m */,
				2516714E15E61023002F2F95 /* PDTimelineTypes.h */,
				2516714F15E61023002F2F95 /* PDTimelineTypes.m */,
				2516715015E61023002F2F95 /* PDWebGLDomain.h */,
				2516715115E61023002F2F95 /* PDWebGLDomain.m */,
				2516715215E61023002F2F95 /* PDWebGLTypes.h */,
				2516715315E61023002F2F95 /* PDWebGLTypes.m */,
				2516715415E61023002F2F95 /* PDWorkerDomain.h */,
				2516715515E61023002F2F95 /* PDWorkerDomain.m */,
			);
			path = DerivedSources;
			sourceTree = "<group>";
		};
		25E5BCE016BA41B900152A45 /* Categories */ = {
			isa = PBXGroup;
			children = (
				25E5BCE816BA436900152A45 /* Runtime Property Descriptors */,
				F6EA51A316124E7D00A27364 /* NSData+PDB64Additions.h */,
				F6EA51A416124E7D00A27364 /* NSData+PDB64Additions.m */,
				25E5BCE416BA41EA00152A45 /* NSDate+PDDebugger.h */,
				25E5BCE516BA41EA00152A45 /* NSDate+PDDebugger.m */,
			);
			name = Categories;
			sourceTree = "<group>";
		};
		25E5BCE816BA436900152A45 /* Runtime Property Descriptors */ = {
			isa = PBXGroup;
			children = (
				25F6AA6F172DD51000515EF7 /* Helpers */,
				3DE228AF15D5874C0035A508 /* NSObject+PDRuntimePropertyDescriptor.h */,
				3DE228B015D5874C0035A508 /* NSObject+PDRuntimePropertyDescriptor.m */,
				3DE228AD15D5874C0035A508 /* NSManagedObject+PDRuntimePropertyDescriptor.h */,
				3DE228AE15D5874C0035A508 /* NSManagedObject+PDRuntimePropertyDescriptor.m */,
				2560D50D16BE4C06001BAE89 /* NSArray+PDRuntimePropertyDescriptor.h */,
				2560D50E16BE4C06001BAE89 /* NSArray+PDRuntimePropertyDescriptor.m */,
				2560D51416BE53EA001BAE89 /* NSSet+PDRuntimePropertyDescriptor.h */,
				2560D51516BE53EB001BAE89 /* NSSet+PDRuntimePropertyDescriptor.m */,
				2560D51816BE56BE001BAE89 /* NSOrderedSet+PDRuntimePropertyDescriptor.h */,
				2560D51916BE56BF001BAE89 /* NSOrderedSet+PDRuntimePropertyDescriptor.m */,
				25E5BCE916BE3F1B00152A45 /* NSDictionary+PDRuntimePropertyDescriptor.h */,
				25E5BCEA16BE3F1B00152A45 /* NSDictionary+PDRuntimePropertyDescriptor.m */,
			);
			name = "Runtime Property Descriptors";
			sourceTree = "<group>";
		};
		25F6AA6F172DD51000515EF7 /* Helpers */ = {
			isa = PBXGroup;
			children = (
				25F6AAD8172DD5E100515EF7 /* PDContainerIndex.h */,
				25F6AAD9172DD5E100515EF7 /* PDContainerIndex.m */,
			);
			name = Helpers;
			sourceTree = "<group>";
		};
		3DE228A615D5874C0035A508 /* PonyDebugger */ = {
			isa = PBXGroup;
			children = (
				3DE2293315D587540035A508 /* Domain Controllers */,
				3DE2293415D5876F0035A508 /* PDObject */,
				25E5BCE016BA41B900152A45 /* Categories */,
				3DE228B515D5874C0035A508 /* PDDebugger.h */,
				3DE228B615D5874C0035A508 /* PDDebugger.m */,
				3DE228B715D5874C0035A508 /* PDDefinitions.h */,
				3DE228B815D5874C0035A508 /* PDDefinitions.m */,
				3DE228BD15D5874C0035A508 /* PDDynamicDebuggerDomain.h */,
				3DE228BE15D5874C0035A508 /* PDDynamicDebuggerDomain.m */,
				E8D8B39116E00C9600081F80 /* PDPrettyStringPrinter.h */,
				E8D8B39216E00C9600081F80 /* PDPrettyStringPrinter.m */,
				3DE228C915D5874C0035A508 /* PonyDebugger-Prefix.pch */,
				3DE228CA15D5874C0035A508 /* PonyDebugger.h */,
			);
			path = PonyDebugger;
			sourceTree = "<group>";
		};
		3DE2293315D587540035A508 /* Domain Controllers */ = {
			isa = PBXGroup;
			children = (
				947CE06D163CA24E0035FB90 /* PDInspectorDomainController.h */,
				947CE06E163CA24E0035FB90 /* PDInspectorDomainController.m */,
				25E5BCD716B9205200152A45 /* PDConsoleDomainController.h */,
				25E5BCD816B9205200152A45 /* PDConsoleDomainController.m */,
				943D444B160A73810091CA77 /* PDDOMDomainController.h */,
				943D444C160A73810091CA77 /* PDDOMDomainController.m */,
				3DE228BF15D5874C0035A508 /* PDIndexedDBDomainController.h */,
				3DE228C015D5874C0035A508 /* PDIndexedDBDomainController.m */,
				3DE228C115D5874C0035A508 /* PDNetworkDomainController.h */,
				3DE228C215D5874C0035A508 /* PDNetworkDomainController.m */,
				3DE228C515D5874C0035A508 /* PDPageDomainController.h */,
				3DE228C615D5874C0035A508 /* PDPageDomainController.m */,
				3DE228C715D5874C0035A508 /* PDRuntimeDomainController.h */,
				3DE228C815D5874C0035A508 /* PDRuntimeDomainController.m */,
				3DE228BB15D5874C0035A508 /* PDDomainController.h */,
				3DE228BC15D5874C0035A508 /* PDDomainController.m */,
			);
			name = "Domain Controllers";
			sourceTree = "<group>";
		};
		3DE2293415D5876F0035A508 /* PDObject */ = {
			isa = PBXGroup;
			children = (
				3DE228C315D5874C0035A508 /* PDObject.h */,
				3DE228C415D5874C0035A508 /* PDObject.m */,
				3DE228A715D5874C0035A508 /* NSArray+PD_JSONObject.h */,
				3DE228A815D5874C0035A508 /* NSArray+PD_JSONObject.m */,
				3DE228A915D5874C0035A508 /* NSDate+PD_JSONObject.h */,
				3DE228AA15D5874C0035A508 /* NSDate+PD_JSONObject.m */,
				3DE228AB15D5874C0035A508 /* NSError+PD_JSONObject.h */,
				3DE228AC15D5874C0035A508 /* NSError+PD_JSONObject.m */,
			);
			name = PDObject;
			sourceTree = "<group>";
		};
		3DE2293515D587960035A508 /* SocketRocket */ = {
			isa = PBXGroup;
			children = (
				3DE2294915D5885C0035A508 /* SocketRocket.xcodeproj */,
			);
			name = SocketRocket;
			sourceTree = "<group>";
		};
		3DE2294A15D5885C0035A508 /* Products */ = {
			isa = PBXGroup;
			children = (
				3DE2295415D5885D0035A508 /* libSocketRocket.a */,
				3D0696B415D58B3B0025D563 /* SocketRocket.framework */,
				3DE2295615D5885D0035A508 /* SRWebSocketTests.octest */,
				3DE2295815D5885D0035A508 /* TestChat.app */,
			);
			name = Products;
			sourceTree = "<group>";
		};
		F683ADA114FC1B4C008EBBA7 = {
			isa = PBXGroup;
			children = (
				3DE2293515D587960035A508 /* SocketRocket */,
				2516710F15E61023002F2F95 /* DerivedSources */,
				3DE228A615D5874C0035A508 /* PonyDebugger */,
				F683ADAE14FC1B4D008EBBA7 /* Frameworks */,
				F683ADAD14FC1B4C008EBBA7 /* Products */,
			);
			sourceTree = "<group>";
			usesTabs = 0;
		};
		F683ADAD14FC1B4C008EBBA7 /* Products */ = {
			isa = PBXGroup;
			children = (
				F683ADAC14FC1B4C008EBBA7 /* libPonyDebugger.a */,
			);
			name = Products;
			sourceTree = "<group>";
		};
		F683ADAE14FC1B4D008EBBA7 /* Frameworks */ = {
			isa = PBXGroup;
			children = (
				F60EBEAC14FC926E0095B011 /* Security.framework */,
				F60EBEA714FC92450095B011 /* CFNetwork.framework */,
				F683ADAF14FC1B4D008EBBA7 /* Foundation.framework */,
				F66E1ECF14FC7CF0000E0707 /* UIKit.framework */,
				F66E1ED214FC7CF0000E0707 /* CoreGraphics.framework */,
				F60EBEA114FC87EE0095B011 /* CoreData.framework */,
				F60EBEAA14FC92630095B011 /* libicucore.dylib */,
			);
			name = Frameworks;
			sourceTree = "<group>";
		};
/* End PBXGroup section */

/* Begin PBXHeadersBuildPhase section */
		F683ADAA14FC1B4C008EBBA7 /* Headers */ = {
			isa = PBXHeadersBuildPhase;
			buildActionMask = 2147483647;
			files = (
				3DE2290F15D5874C0035A508 /* NSArray+PD_JSONObject.h in Headers */,
				3DE2291115D5874C0035A508 /* NSDate+PD_JSONObject.h in Headers */,
				3DE2291315D5874C0035A508 /* NSError+PD_JSONObject.h in Headers */,
				3DE2291515D5874C0035A508 /* NSManagedObject+PDRuntimePropertyDescriptor.h in Headers */,
				3DE2291715D5874C0035A508 /* NSObject+PDRuntimePropertyDescriptor.h in Headers */,
				3DE2291D15D5874C0035A508 /* PDDebugger.h in Headers */,
				3DE2291F15D5874C0035A508 /* PDDefinitions.h in Headers */,
				3DE2292315D5874C0035A508 /* PDDomainController.h in Headers */,
				3DE2292515D5874C0035A508 /* PDDynamicDebuggerDomain.h in Headers */,
				3DE2292715D5874C0035A508 /* PDIndexedDBDomainController.h in Headers */,
				3DE2292915D5874C0035A508 /* PDNetworkDomainController.h in Headers */,
				3DE2292B15D5874C0035A508 /* PDObject.h in Headers */,
				3DE2292D15D5874C0035A508 /* PDPageDomainController.h in Headers */,
				3DE2292F15D5874C0035A508 /* PDRuntimeDomainController.h in Headers */,
				3DE2293115D5874C0035A508 /* PonyDebugger-Prefix.pch in Headers */,
				3DE2293215D5874C0035A508 /* PonyDebugger.h in Headers */,
				2516715615E61023002F2F95 /* PDApplicationCacheDomain.h in Headers */,
				2516715815E61023002F2F95 /* PDApplicationCacheTypes.h in Headers */,
				2516715A15E61023002F2F95 /* PDConsoleDomain.h in Headers */,
				2516715C15E61023002F2F95 /* PDConsoleTypes.h in Headers */,
				2516715E15E61023002F2F95 /* PDCSSDomain.h in Headers */,
				2516716015E61023002F2F95 /* PDCSSTypes.h in Headers */,
				2516716215E61023002F2F95 /* PDDatabaseDomain.h in Headers */,
				2516716415E61023002F2F95 /* PDDatabaseTypes.h in Headers */,
				2516716615E61023002F2F95 /* PDDebuggerDomain.h in Headers */,
				2516716815E61023002F2F95 /* PDDebuggerTypes.h in Headers */,
				2516716A15E61023002F2F95 /* PDDOMDebuggerDomain.h in Headers */,
				2516716C15E61023002F2F95 /* PDDOMDomain.h in Headers */,
				2516716E15E61023002F2F95 /* PDDOMStorageDomain.h in Headers */,
				2516717015E61023002F2F95 /* PDDOMStorageTypes.h in Headers */,
				2516717215E61023002F2F95 /* PDDOMTypes.h in Headers */,
				2516717415E61023002F2F95 /* PDFileSystemDomain.h in Headers */,
				2516717615E61023002F2F95 /* PDFileSystemTypes.h in Headers */,
				2516717815E61023002F2F95 /* PDIndexedDBDomain.h in Headers */,
				2516717A15E61023002F2F95 /* PDIndexedDBTypes.h in Headers */,
				2516717C15E61023002F2F95 /* PDInspectorDomain.h in Headers */,
				2516717E15E61023002F2F95 /* PDMemoryDomain.h in Headers */,
				2516718015E61023002F2F95 /* PDMemoryTypes.h in Headers */,
				2516718215E61023002F2F95 /* PDNetworkDomain.h in Headers */,
				2516718415E61023002F2F95 /* PDNetworkTypes.h in Headers */,
				2516718615E61023002F2F95 /* PDPageDomain.h in Headers */,
				E8D8B39316E00C9600081F80 /* PDPrettyStringPrinter.h in Headers */,
				2516718815E61023002F2F95 /* PDPageTypes.h in Headers */,
				2516718A15E61023002F2F95 /* PDProfilerDomain.h in Headers */,
				2516718C15E61023002F2F95 /* PDProfilerTypes.h in Headers */,
				2516718E15E61023002F2F95 /* PDRuntimeDomain.h in Headers */,
				2516719015E61023002F2F95 /* PDRuntimeTypes.h in Headers */,
				2516719215E61023002F2F95 /* PDTimelineDomain.h in Headers */,
				2516719415E61023002F2F95 /* PDTimelineTypes.h in Headers */,
				2516719615E61023002F2F95 /* PDWebGLDomain.h in Headers */,
				2516719815E61023002F2F95 /* PDWebGLTypes.h in Headers */,
				2516719A15E61023002F2F95 /* PDWorkerDomain.h in Headers */,
				F6EA51A716124E7D00A27364 /* NSData+PDB64Additions.h in Headers */,
				943D444D160A73810091CA77 /* PDDOMDomainController.h in Headers */,
				947CE06F163CA24E0035FB90 /* PDInspectorDomainController.h in Headers */,
				25E5BCD916B9205200152A45 /* PDConsoleDomainController.h in Headers */,
				25E5BCE616BA41EA00152A45 /* NSDate+PDDebugger.h in Headers */,
				25E5BCEB16BE3F1C00152A45 /* NSDictionary+PDRuntimePropertyDescriptor.h in Headers */,
				2560D50F16BE4C06001BAE89 /* NSArray+PDRuntimePropertyDescriptor.h in Headers */,
				2560D51616BE53EB001BAE89 /* NSSet+PDRuntimePropertyDescriptor.h in Headers */,
				2560D51A16BE56BF001BAE89 /* NSOrderedSet+PDRuntimePropertyDescriptor.h in Headers */,
				25F6AADA172DD5E100515EF7 /* PDContainerIndex.h in Headers */,
			);
			runOnlyForDeploymentPostprocessing = 0;
		};
/* End PBXHeadersBuildPhase section */

/* Begin PBXNativeTarget section */
		F683ADAB14FC1B4C008EBBA7 /* PonyDebugger */ = {
			isa = PBXNativeTarget;
			buildConfigurationList = F683ADB914FC1B4D008EBBA7 /* Build configuration list for PBXNativeTarget "PonyDebugger" */;
			buildPhases = (
				F683ADA814FC1B4C008EBBA7 /* Sources */,
				F683ADA914FC1B4C008EBBA7 /* Frameworks */,
				F683ADAA14FC1B4C008EBBA7 /* Headers */,
			);
			buildRules = (
			);
			dependencies = (
				2720E60A15E9701F00F7A31F /* PBXTargetDependency */,
			);
			name = PonyDebugger;
			productName = PonyDebugger;
			productReference = F683ADAC14FC1B4C008EBBA7 /* libPonyDebugger.a */;
			productType = "com.apple.product-type.library.static";
		};
/* End PBXNativeTarget section */

/* Begin PBXProject section */
		F683ADA314FC1B4C008EBBA7 /* Project object */ = {
			isa = PBXProject;
			attributes = {
				LastUpgradeCheck = 0500;
			};
			buildConfigurationList = F683ADA614FC1B4C008EBBA7 /* Build configuration list for PBXProject "PonyDebugger" */;
			compatibilityVersion = "Xcode 3.2";
			developmentRegion = English;
			hasScannedForEncodings = 0;
			knownRegions = (
				en,
			);
			mainGroup = F683ADA114FC1B4C008EBBA7;
			productRefGroup = F683ADAD14FC1B4C008EBBA7 /* Products */;
			projectDirPath = "";
			projectReferences = (
				{
					ProductGroup = 3DE2294A15D5885C0035A508 /* Products */;
					ProjectRef = 3DE2294915D5885C0035A508 /* SocketRocket.xcodeproj */;
				},
			);
			projectRoot = "";
			targets = (
				F683ADAB14FC1B4C008EBBA7 /* PonyDebugger */,
			);
		};
/* End PBXProject section */

/* Begin PBXReferenceProxy section */
		3D0696B415D58B3B0025D563 /* SocketRocket.framework */ = {
			isa = PBXReferenceProxy;
			fileType = wrapper.framework;
			path = SocketRocket.framework;
			remoteRef = 3D0696B315D58B3B0025D563 /* PBXContainerItemProxy */;
			sourceTree = BUILT_PRODUCTS_DIR;
		};
		3DE2295415D5885D0035A508 /* libSocketRocket.a */ = {
			isa = PBXReferenceProxy;
			fileType = archive.ar;
			path = libSocketRocket.a;
			remoteRef = 3DE2295315D5885D0035A508 /* PBXContainerItemProxy */;
			sourceTree = BUILT_PRODUCTS_DIR;
		};
		3DE2295615D5885D0035A508 /* SRWebSocketTests.octest */ = {
			isa = PBXReferenceProxy;
			fileType = wrapper.cfbundle;
			path = SRWebSocketTests.octest;
			remoteRef = 3DE2295515D5885D0035A508 /* PBXContainerItemProxy */;
			sourceTree = BUILT_PRODUCTS_DIR;
		};
		3DE2295815D5885D0035A508 /* TestChat.app */ = {
			isa = PBXReferenceProxy;
			fileType = wrapper.application;
			path = TestChat.app;
			remoteRef = 3DE2295715D5885D0035A508 /* PBXContainerItemProxy */;
			sourceTree = BUILT_PRODUCTS_DIR;
		};
/* End PBXReferenceProxy section */

/* Begin PBXSourcesBuildPhase section */
		F683ADA814FC1B4C008EBBA7 /* Sources */ = {
			isa = PBXSourcesBuildPhase;
			buildActionMask = 2147483647;
			files = (
				3DE2291015D5874C0035A508 /* NSArray+PD_JSONObject.m in Sources */,
				3DE2291215D5874C0035A508 /* NSDate+PD_JSONObject.m in Sources */,
				3DE2291415D5874C0035A508 /* NSError+PD_JSONObject.m in Sources */,
				3DE2291615D5874C0035A508 /* NSManagedObject+PDRuntimePropertyDescriptor.m in Sources */,
				3DE2291815D5874C0035A508 /* NSObject+PDRuntimePropertyDescriptor.m in Sources */,
				3DE2291E15D5874C0035A508 /* PDDebugger.m in Sources */,
				3DE2292015D5874C0035A508 /* PDDefinitions.m in Sources */,
				3DE2292415D5874C0035A508 /* PDDomainController.m in Sources */,
				3DE2292615D5874C0035A508 /* PDDynamicDebuggerDomain.m in Sources */,
				3DE2292815D5874C0035A508 /* PDIndexedDBDomainController.m in Sources */,
				3DE2292A15D5874C0035A508 /* PDNetworkDomainController.m in Sources */,
				3DE2292C15D5874C0035A508 /* PDObject.m in Sources */,
				3DE2292E15D5874C0035A508 /* PDPageDomainController.m in Sources */,
				3DE2293015D5874C0035A508 /* PDRuntimeDomainController.m in Sources */,
				2516715715E61023002F2F95 /* PDApplicationCacheDomain.m in Sources */,
				2516715915E61023002F2F95 /* PDApplicationCacheTypes.m in Sources */,
				2516715B15E61023002F2F95 /* PDConsoleDomain.m in Sources */,
				2516715D15E61023002F2F95 /* PDConsoleTypes.m in Sources */,
				2516715F15E61023002F2F95 /* PDCSSDomain.m in Sources */,
				2516716115E61023002F2F95 /* PDCSSTypes.m in Sources */,
				2516716315E61023002F2F95 /* PDDatabaseDomain.m in Sources */,
				2516716515E61023002F2F95 /* PDDatabaseTypes.m in Sources */,
				2516716715E61023002F2F95 /* PDDebuggerDomain.m in Sources */,
				2516716915E61023002F2F95 /* PDDebuggerTypes.m in Sources */,
				2516716B15E61023002F2F95 /* PDDOMDebuggerDomain.m in Sources */,
				2516716D15E61023002F2F95 /* PDDOMDomain.m in Sources */,
				2516716F15E61023002F2F95 /* PDDOMStorageDomain.m in Sources */,
				2516717115E61023002F2F95 /* PDDOMStorageTypes.m in Sources */,
				2516717315E61023002F2F95 /* PDDOMTypes.m in Sources */,
				2516717515E61023002F2F95 /* PDFileSystemDomain.m in Sources */,
				2516717715E61023002F2F95 /* PDFileSystemTypes.m in Sources */,
				2516717915E61023002F2F95 /* PDIndexedDBDomain.m in Sources */,
				2516717B15E61023002F2F95 /* PDIndexedDBTypes.m in Sources */,
				2516717D15E61023002F2F95 /* PDInspectorDomain.m in Sources */,
				2516717F15E61023002F2F95 /* PDMemoryDomain.m in Sources */,
				2516718115E61023002F2F95 /* PDMemoryTypes.m in Sources */,
				2516718315E61023002F2F95 /* PDNetworkDomain.m in Sources */,
				2516718515E61023002F2F95 /* PDNetworkTypes.m in Sources */,
				2516718715E61023002F2F95 /* PDPageDomain.m in Sources */,
				2516718915E61023002F2F95 /* PDPageTypes.m in Sources */,
				2516718B15E61023002F2F95 /* PDProfilerDomain.m in Sources */,
				2516718D15E61023002F2F95 /* PDProfilerTypes.m in Sources */,
				2516718F15E61023002F2F95 /* PDRuntimeDomain.m in Sources */,
				2516719115E61023002F2F95 /* PDRuntimeTypes.m in Sources */,
				2516719315E61023002F2F95 /* PDTimelineDomain.m in Sources */,
				2516719515E61023002F2F95 /* PDTimelineTypes.m in Sources */,
				2516719715E61023002F2F95 /* PDWebGLDomain.m in Sources */,
				2516719915E61023002F2F95 /* PDWebGLTypes.m in Sources */,
				2516719B15E61023002F2F95 /* PDWorkerDomain.m in Sources */,
				F6EA51A816124E7D00A27364 /* NSData+PDB64Additions.m in Sources */,
				943D444E160A73810091CA77 /* PDDOMDomainController.m in Sources */,
				947CE070163CA24E0035FB90 /* PDInspectorDomainController.m in Sources */,
				25E5BCDA16B9205200152A45 /* PDConsoleDomainController.m in Sources */,
				25E5BCE716BA41EA00152A45 /* NSDate+PDDebugger.m in Sources */,
				25E5BCEC16BE3F1C00152A45 /* NSDictionary+PDRuntimePropertyDescriptor.m in Sources */,
				2560D51016BE4C06001BAE89 /* NSArray+PDRuntimePropertyDescriptor.m in Sources */,
				2560D51716BE53EB001BAE89 /* NSSet+PDRuntimePropertyDescriptor.m in Sources */,
				2560D51B16BE56BF001BAE89 /* NSOrderedSet+PDRuntimePropertyDescriptor.m in Sources */,
				E8D8B39416E00C9600081F80 /* PDPrettyStringPrinter.m in Sources */,
				25F6AADB172DD5E100515EF7 /* PDContainerIndex.m in Sources */,
			);
			runOnlyForDeploymentPostprocessing = 0;
		};
/* End PBXSourcesBuildPhase section */

/* Begin PBXTargetDependency section */
		2720E60A15E9701F00F7A31F /* PBXTargetDependency */ = {
			isa = PBXTargetDependency;
			name = SocketRocket;
			targetProxy = 2720E60915E9701F00F7A31F /* PBXContainerItemProxy */;
		};
/* End PBXTargetDependency section */

/* Begin XCBuildConfiguration section */
		F683ADB714FC1B4D008EBBA7 /* Debug */ = {
			isa = XCBuildConfiguration;
			buildSettings = {
				ALWAYS_SEARCH_USER_PATHS = NO;
				CLANG_ENABLE_OBJC_ARC = YES;
				CLANG_WARN_BOOL_CONVERSION = YES;
				CLANG_WARN_CONSTANT_CONVERSION = YES;
				CLANG_WARN_EMPTY_BODY = YES;
				CLANG_WARN_ENUM_CONVERSION = YES;
				CLANG_WARN_INT_CONVERSION = YES;
				CLANG_WARN__DUPLICATE_METHOD_MATCH = YES;
				COPY_PHASE_STRIP = NO;
				GCC_C_LANGUAGE_STANDARD = gnu99;
				GCC_DYNAMIC_NO_PIC = NO;
				GCC_OPTIMIZATION_LEVEL = 0;
				GCC_PREPROCESSOR_DEFINITIONS = "DEBUG=1";
				GCC_VERSION = com.apple.compilers.llvm.clang.1_0;
				GCC_WARN_ABOUT_RETURN_TYPE = YES;
				GCC_WARN_UNDECLARED_SELECTOR = YES;
				GCC_WARN_UNINITIALIZED_AUTOS = YES;
				GCC_WARN_UNUSED_FUNCTION = YES;
				GCC_WARN_UNUSED_VARIABLE = YES;
				HEADER_SEARCH_PATHS = (
					"\"$(CONFIGURATION_BUILD_DIR)/usr/local/include\"",
					./SocketRocket,
				);
				IPHONEOS_DEPLOYMENT_TARGET = 5.0;
				ONLY_ACTIVE_ARCH = NO;
				PUBLIC_HEADERS_FOLDER_PATH = "include/$(PRODUCT_NAME)";
				SDKROOT = iphoneos;
			};
			name = Debug;
		};
		F683ADB814FC1B4D008EBBA7 /* Release */ = {
			isa = XCBuildConfiguration;
			buildSettings = {
				ALWAYS_SEARCH_USER_PATHS = NO;
				CLANG_ENABLE_OBJC_ARC = YES;
				CLANG_WARN_BOOL_CONVERSION = YES;
				CLANG_WARN_CONSTANT_CONVERSION = YES;
				CLANG_WARN_EMPTY_BODY = YES;
				CLANG_WARN_ENUM_CONVERSION = YES;
				CLANG_WARN_INT_CONVERSION = YES;
				CLANG_WARN__DUPLICATE_METHOD_MATCH = YES;
				COPY_PHASE_STRIP = YES;
				GCC_C_LANGUAGE_STANDARD = gnu99;
				GCC_SYMBOLS_PRIVATE_EXTERN = YES;
				GCC_VERSION = com.apple.compilers.llvm.clang.1_0;
				GCC_WARN_ABOUT_RETURN_TYPE = YES;
				GCC_WARN_UNDECLARED_SELECTOR = YES;
				GCC_WARN_UNINITIALIZED_AUTOS = YES;
				GCC_WARN_UNUSED_FUNCTION = YES;
				GCC_WARN_UNUSED_VARIABLE = YES;
				HEADER_SEARCH_PATHS = (
					"\"$(CONFIGURATION_BUILD_DIR)/usr/local/include\"",
					./SocketRocket,
				);
				IPHONEOS_DEPLOYMENT_TARGET = 5.0;
				PUBLIC_HEADERS_FOLDER_PATH = "include/$(PRODUCT_NAME)";
				SDKROOT = iphoneos;
				VALIDATE_PRODUCT = YES;
			};
			name = Release;
		};
		F683ADBA14FC1B4D008EBBA7 /* Debug */ = {
			isa = XCBuildConfiguration;
			buildSettings = {
				DSTROOT = /tmp/PonyDebugger.dst;
				GCC_PRECOMPILE_PREFIX_HEADER = YES;
				GCC_PREFIX_HEADER = "PonyDebugger/PonyDebugger-Prefix.pch";
				PRODUCT_NAME = "$(TARGET_NAME)";
				SKIP_INSTALL = YES;
			};
			name = Debug;
		};
		F683ADBB14FC1B4D008EBBA7 /* Release */ = {
			isa = XCBuildConfiguration;
			buildSettings = {
				DSTROOT = /tmp/PonyDebugger.dst;
				GCC_PRECOMPILE_PREFIX_HEADER = YES;
				GCC_PREFIX_HEADER = "PonyDebugger/PonyDebugger-Prefix.pch";
				PRODUCT_NAME = "$(TARGET_NAME)";
				SKIP_INSTALL = YES;
			};
			name = Release;
		};
/* End XCBuildConfiguration section */

/* Begin XCConfigurationList section */
		F683ADA614FC1B4C008EBBA7 /* Build configuration list for PBXProject "PonyDebugger" */ = {
			isa = XCConfigurationList;
			buildConfigurations = (
				F683ADB714FC1B4D008EBBA7 /* Debug */,
				F683ADB814FC1B4D008EBBA7 /* Release */,
			);
			defaultConfigurationIsVisible = 0;
			defaultConfigurationName = Release;
		};
		F683ADB914FC1B4D008EBBA7 /* Build configuration list for PBXNativeTarget "PonyDebugger" */ = {
			isa = XCConfigurationList;
			buildConfigurations = (
				F683ADBA14FC1B4D008EBBA7 /* Debug */,
				F683ADBB14FC1B4D008EBBA7 /* Release */,
			);
			defaultConfigurationIsVisible = 0;
			defaultConfigurationName = Release;
		};
/* End XCConfigurationList section */
	};
	rootObject = F683ADA314FC1B4C008EBBA7 /* Project object */;
}
